
Microsoft Visual Studio Solution File, Format Version 12.00
# Visual Studio Version 16
VisualStudioVersion = 16.0.31025.218
MinimumVisualStudioVersion = 10.0.40219.1
Project("{FAE04EC0-301F-11D3-BF4B-00C04F79EFBC}") = "Improbability", "Improbability\Improbability.csproj", "{18C4443A-209E-42E6-8668-8D50AB30B418}"
EndProject
Project("{2150E333-8FDC-42A3-9474-1A3956D46DE8}") = "Solution Items", "Solution Items", "{E2499E90-C8F6-4972-8E49-30FA9AFF5DB1}"
EndProject
Global
	GlobalSection(SolutionConfigurationPlatforms) = preSolution
		Debug|Any CPU = Debug|Any CPU
		Release|Any CPU = Release|Any CPU
	EndGlobalSection
	GlobalSection(ProjectConfigurationPlatforms) = postSolution
		{18C4443A-209E-42E6-8668-8D50AB30B418}.Debug|Any CPU.ActiveCfg = Debug|Any CPU
		{18C4443A-209E-42E6-8668-8D50AB30B418}.Debug|Any CPU.Build.0 = Debug|Any CPU
		{18C4443A-209E-42E6-8668-8D50AB30B418}.Release|Any CPU.ActiveCfg = Release|Any CPU
		{18C4443A-209E-42E6-8668-8D50AB30B418}.Release|Any CPU.Build.0 = Release|Any CPU
	EndGlobalSection
	GlobalSection(SolutionProperties) = preSolution
		HideSolutionNode = FALSE
	EndGlobalSection
	GlobalSection(ExtensibilityGlobals) = postSolution
		SolutionGuid = {DC33F682-CDEF-403B-8E4D-32C21E9DBA24}
	EndGlobalSection
EndGlobal
